// !$*UTF8*$!
{
	archiveVersion = 1;
	classes = {
	};
	objectVersion = 56;
	objects = {

/* Begin PBXBuildFile section */
		8A20ED402C157AA400D5915D /* InboxRow.swift in Sources */ = {isa = PBXBuildFile; fileRef = 8A20ED3F2C157AA400D5915D /* InboxRow.swift */; };
		8A20ED452C15865400D5915D /* NewMessageView.swift in Sources */ = {isa = PBXBuildFile; fileRef = 8A20ED442C15865400D5915D /* NewMessageView.swift */; };
		8A20ED4A2C158AAF00D5915D /* ProfileView.swift in Sources */ = {isa = PBXBuildFile; fileRef = 8A20ED492C158AAF00D5915D /* ProfileView.swift */; };
		8A20ED4C2C158BDD00D5915D /* SettingsOptionsViewModel.swift in Sources */ = {isa = PBXBuildFile; fileRef = 8A20ED4B2C158BDD00D5915D /* SettingsOptionsViewModel.swift */; };
		8A20ED4E2C159EF600D5915D /* ProfileViewModel.swift in Sources */ = {isa = PBXBuildFile; fileRef = 8A20ED4D2C159EF600D5915D /* ProfileViewModel.swift */; };
		8A20ED612C16C7F700D5915D /* User.swift in Sources */ = {isa = PBXBuildFile; fileRef = 8A20ED602C16C7F700D5915D /* User.swift */; };
		8A338B732C142C5300560222 /* MessengerSwiftUIApp.swift in Sources */ = {isa = PBXBuildFile; fileRef = 8A338B722C142C5300560222 /* MessengerSwiftUIApp.swift */; };
		8A338B752C142C5300560222 /* ContentView.swift in Sources */ = {isa = PBXBuildFile; fileRef = 8A338B742C142C5300560222 /* ContentView.swift */; };
		8A338B772C142C5500560222 /* Assets.xcassets in Resources */ = {isa = PBXBuildFile; fileRef = 8A338B762C142C5500560222 /* Assets.xcassets */; };
		8A338B7A2C142C5500560222 /* Preview Assets.xcassets in Resources */ = {isa = PBXBuildFile; fileRef = 8A338B792C142C5500560222 /* Preview Assets.xcassets */; };
		8A338B8A2C142DFD00560222 /* LoginView.swift in Sources */ = {isa = PBXBuildFile; fileRef = 8A338B892C142DFD00560222 /* LoginView.swift */; };
		8A338B8C2C14404500560222 /* TextFieldModifier.swift in Sources */ = {isa = PBXBuildFile; fileRef = 8A338B8B2C14404500560222 /* TextFieldModifier.swift */; };
		8A338B8F2C1446AD00560222 /* MainButtonModifier.swift in Sources */ = {isa = PBXBuildFile; fileRef = 8A338B8E2C1446AC00560222 /* MainButtonModifier.swift */; };
		8A338B912C1447DD00560222 /* RegistrationView.swift in Sources */ = {isa = PBXBuildFile; fileRef = 8A338B902C1447DD00560222 /* RegistrationView.swift */; };
		8A338B952C144DDC00560222 /* InboxView.swift in Sources */ = {isa = PBXBuildFile; fileRef = 8A338B942C144DDC00560222 /* InboxView.swift */; };
		8A338B982C144F0A00560222 /* ActiveNowView.swift in Sources */ = {isa = PBXBuildFile; fileRef = 8A338B972C144F0A00560222 /* ActiveNowView.swift */; };
/* End PBXBuildFile section */

/* Begin PBXFileReference section */
		8A20ED3F2C157AA400D5915D /* InboxRow.swift */ = {isa = PBXFileReference; lastKnownFileType = sourcecode.swift; path = InboxRow.swift; sourceTree = "<group>"; };
		8A20ED442C15865400D5915D /* NewMessageView.swift */ = {isa = PBXFileReference; lastKnownFileType = sourcecode.swift; path = NewMessageView.swift; sourceTree = "<group>"; };
		8A20ED492C158AAF00D5915D /* ProfileView.swift */ = {isa = PBXFileReference; lastKnownFileType = sourcecode.swift; path = ProfileView.swift; sourceTree = "<group>"; };
		8A20ED4B2C158BDD00D5915D /* SettingsOptionsViewModel.swift */ = {isa = PBXFileReference; lastKnownFileType = sourcecode.swift; path = SettingsOptionsViewModel.swift; sourceTree = "<group>"; };
		8A20ED4D2C159EF600D5915D /* ProfileViewModel.swift */ = {isa = PBXFileReference; lastKnownFileType = sourcecode.swift; path = ProfileViewModel.swift; sourceTree = "<group>"; };
		8A20ED602C16C7F700D5915D /* User.swift */ = {isa = PBXFileReference; lastKnownFileType = sourcecode.swift; path = User.swift; sourceTree = "<group>"; };
		8A338B6F2C142C5300560222 /* MessengerSwiftUI.app */ = {isa = PBXFileReference; explicitFileType = wrapper.application; includeInIndex = 0; path = MessengerSwiftUI.app; sourceTree = BUILT_PRODUCTS_DIR; };
		8A338B722C142C5300560222 /* MessengerSwiftUIApp.swift */ = {isa = PBXFileReference; lastKnownFileType = sourcecode.swift; path = MessengerSwiftUIApp.swift; sourceTree = "<group>"; };
		8A338B742C142C5300560222 /* ContentView.swift */ = {isa = PBXFileReference; lastKnownFileType = sourcecode.swift; path = ContentView.swift; sourceTree = "<group>"; };
		8A338B762C142C5500560222 /* Assets.xcassets */ = {isa = PBXFileReference; lastKnownFileType = folder.assetcatalog; path = Assets.xcassets; sourceTree = "<group>"; };
		8A338B792C142C5500560222 /* Preview Assets.xcassets */ = {isa = PBXFileReference; lastKnownFileType = folder.assetcatalog; path = "Preview Assets.xcassets"; sourceTree = "<group>"; };
		8A338B892C142DFD00560222 /* LoginView.swift */ = {isa = PBXFileReference; lastKnownFileType = sourcecode.swift; path = LoginView.swift; sourceTree = "<group>"; };
		8A338B8B2C14404500560222 /* TextFieldModifier.swift */ = {isa = PBXFileReference; lastKnownFileType = sourcecode.swift; path = TextFieldModifier.swift; sourceTree = "<group>"; };
		8A338B8E2C1446AC00560222 /* MainButtonModifier.swift */ = {isa = PBXFileReference; lastKnownFileType = sourcecode.swift; path = MainButtonModifier.swift; sourceTree = "<group>"; };
		8A338B902C1447DD00560222 /* RegistrationView.swift */ = {isa = PBXFileReference; lastKnownFileType = sourcecode.swift; path = RegistrationView.swift; sourceTree = "<group>"; };
		8A338B942C144DDC00560222 /* InboxView.swift */ = {isa = PBXFileReference; lastKnownFileType = sourcecode.swift; path = InboxView.swift; sourceTree = "<group>"; };
		8A338B972C144F0A00560222 /* ActiveNowView.swift */ = {isa = PBXFileReference; lastKnownFileType = sourcecode.swift; path = ActiveNowView.swift; sourceTree = "<group>"; };
/* End PBXFileReference section */

/* Begin PBXFrameworksBuildPhase section */
		8A338B6C2C142C5300560222 /* Frameworks */ = {
			isa = PBXFrameworksBuildPhase;
			buildActionMask = 2147483647;
			files = (
			);
			runOnlyForDeploymentPostprocessing = 0;
		};
/* End PBXFrameworksBuildPhase section */

/* Begin PBXGroup section */
		8A20ED412C15854E00D5915D /* NewMessageView */ = {
			isa = PBXGroup;
			children = (
				8A20ED422C15855400D5915D /* View */,
				8A20ED432C15855900D5915D /* ViewModel */,
			);
			path = NewMessageView;
			sourceTree = "<group>";
		};
		8A20ED422C15855400D5915D /* View */ = {
			isa = PBXGroup;
			children = (
				8A20ED442C15865400D5915D /* NewMessageView.swift */,
			);
			path = View;
			sourceTree = "<group>";
		};
		8A20ED432C15855900D5915D /* ViewModel */ = {
			isa = PBXGroup;
			children = (
			);
			path = ViewModel;
			sourceTree = "<group>";
		};
		8A20ED462C158A8F00D5915D /* Profile */ = {
			isa = PBXGroup;
			children = (
				8A20ED482C158AA100D5915D /* ViewModel */,
				8A20ED472C158A9B00D5915D /* View */,
			);
			path = Profile;
			sourceTree = "<group>";
		};
		8A20ED472C158A9B00D5915D /* View */ = {
			isa = PBXGroup;
			children = (
				8A20ED492C158AAF00D5915D /* ProfileView.swift */,
			);
			path = View;
			sourceTree = "<group>";
		};
		8A20ED482C158AA100D5915D /* ViewModel */ = {
			isa = PBXGroup;
			children = (
				8A20ED4B2C158BDD00D5915D /* SettingsOptionsViewModel.swift */,
				8A20ED4D2C159EF600D5915D /* ProfileViewModel.swift */,
			);
			path = ViewModel;
			sourceTree = "<group>";
		};
		8A338B662C142C5300560222 = {
			isa = PBXGroup;
			children = (
				8A338B712C142C5300560222 /* MessengerSwiftUI */,
				8A338B702C142C5300560222 /* Products */,
			);
			sourceTree = "<group>";
		};
		8A338B702C142C5300560222 /* Products */ = {
			isa = PBXGroup;
			children = (
				8A338B6F2C142C5300560222 /* MessengerSwiftUI.app */,
			);
			name = Products;
			sourceTree = "<group>";
		};
		8A338B712C142C5300560222 /* MessengerSwiftUI */ = {
			isa = PBXGroup;
			children = (
				8A338B842C142DA400560222 /* Extensions */,
				8A338B832C142DA200560222 /* Service */,
				8A338B822C142DA100560222 /* Model */,
				8A338B812C142DA000560222 /* Core */,
				8A338B802C142D9E00560222 /* App */,
				8A338B742C142C5300560222 /* ContentView.swift */,
				8A338B762C142C5500560222 /* Assets.xcassets */,
				8A338B782C142C5500560222 /* Preview Content */,
			);
			path = MessengerSwiftUI;
			sourceTree = "<group>";
		};
		8A338B782C142C5500560222 /* Preview Content */ = {
			isa = PBXGroup;
			children = (
				8A338B792C142C5500560222 /* Preview Assets.xcassets */,
			);
			path = "Preview Content";
			sourceTree = "<group>";
		};
		8A338B802C142D9E00560222 /* App */ = {
			isa = PBXGroup;
			children = (
				8A338B722C142C5300560222 /* MessengerSwiftUIApp.swift */,
			);
			path = App;
			sourceTree = "<group>";
		};
		8A338B812C142DA000560222 /* Core */ = {
			isa = PBXGroup;
			children = (
				8A338B962C144EFB00560222 /* ActiveNow */,
				8A338B872C142DE300560222 /* Authenticatijon */,
				8A338B922C144DC200560222 /* Inbox */,
				8A20ED412C15854E00D5915D /* NewMessageView */,
				8A20ED462C158A8F00D5915D /* Profile */,
				8A338B862C142DDE00560222 /* Root */,
			);
			path = Core;
			sourceTree = "<group>";
		};
		8A338B822C142DA100560222 /* Model */ = {
			isa = PBXGroup;
			children = (
				8A20ED602C16C7F700D5915D /* User.swift */,
			);
			path = Model;
			sourceTree = "<group>";
		};
		8A338B832C142DA200560222 /* Service */ = {
			isa = PBXGroup;
			children = (
			);
			path = Service;
			sourceTree = "<group>";
		};
		8A338B842C142DA400560222 /* Extensions */ = {
			isa = PBXGroup;
			children = (
			);
			path = Extensions;
			sourceTree = "<group>";
		};
		8A338B862C142DDE00560222 /* Root */ = {
			isa = PBXGroup;
			children = (
			);
			path = Root;
			sourceTree = "<group>";
		};
		8A338B872C142DE300560222 /* Authenticatijon */ = {
			isa = PBXGroup;
			children = (
				8A338B8D2C14469500560222 /* Helpers */,
				8A338B882C142DEF00560222 /* View */,
			);
			path = Authenticatijon;
			sourceTree = "<group>";
		};
		8A338B882C142DEF00560222 /* View */ = {
			isa = PBXGroup;
			children = (
				8A338B892C142DFD00560222 /* LoginView.swift */,
				8A338B902C1447DD00560222 /* RegistrationView.swift */,
			);
			path = View;
			sourceTree = "<group>";
		};
		8A338B8D2C14469500560222 /* Helpers */ = {
			isa = PBXGroup;
			children = (
				8A338B8B2C14404500560222 /* TextFieldModifier.swift */,
				8A338B8E2C1446AC00560222 /* MainButtonModifier.swift */,
			);
			path = Helpers;
			sourceTree = "<group>";
		};
		8A338B922C144DC200560222 /* Inbox */ = {
			isa = PBXGroup;
			children = (
				8A338B932C144DD000560222 /* View */,
			);
			path = Inbox;
			sourceTree = "<group>";
		};
		8A338B932C144DD000560222 /* View */ = {
			isa = PBXGroup;
			children = (
				8A338B942C144DDC00560222 /* InboxView.swift */,
				8A20ED3F2C157AA400D5915D /* InboxRow.swift */,
			);
			path = View;
			sourceTree = "<group>";
		};
		8A338B962C144EFB00560222 /* ActiveNow */ = {
			isa = PBXGroup;
			children = (
				8A338B972C144F0A00560222 /* ActiveNowView.swift */,
			);
			path = ActiveNow;
			sourceTree = "<group>";
		};
/* End PBXGroup section */

/* Begin PBXNativeTarget section */
		8A338B6E2C142C5300560222 /* MessengerSwiftUI */ = {
			isa = PBXNativeTarget;
			buildConfigurationList = 8A338B7D2C142C5500560222 /* Build configuration list for PBXNativeTarget "MessengerSwiftUI" */;
			buildPhases = (
				8A338B6B2C142C5300560222 /* Sources */,
				8A338B6C2C142C5300560222 /* Frameworks */,
				8A338B6D2C142C5300560222 /* Resources */,
			);
			buildRules = (
			);
			dependencies = (
			);
			name = MessengerSwiftUI;
			productName = MessengerSwiftUI;
			productReference = 8A338B6F2C142C5300560222 /* MessengerSwiftUI.app */;
			productType = "com.apple.product-type.application";
		};
/* End PBXNativeTarget section */

/* Begin PBXProject section */
		8A338B672C142C5300560222 /* Project object */ = {
			isa = PBXProject;
			attributes = {
				BuildIndependentTargetsInParallel = 1;
				LastSwiftUpdateCheck = 1500;
				LastUpgradeCheck = 1500;
				TargetAttributes = {
					8A338B6E2C142C5300560222 = {
						CreatedOnToolsVersion = 15.0.1;
					};
				};
			};
			buildConfigurationList = 8A338B6A2C142C5300560222 /* Build configuration list for PBXProject "MessengerSwiftUI" */;
			compatibilityVersion = "Xcode 14.0";
			developmentRegion = en;
			hasScannedForEncodings = 0;
			knownRegions = (
				en,
				Base,
			);
			mainGroup = 8A338B662C142C5300560222;
			productRefGroup = 8A338B702C142C5300560222 /* Products */;
			projectDirPath = "";
			projectRoot = "";
			targets = (
				8A338B6E2C142C5300560222 /* MessengerSwiftUI */,
			);
		};
/* End PBXProject section */

/* Begin PBXResourcesBuildPhase section */
		8A338B6D2C142C5300560222 /* Resources */ = {
			isa = PBXResourcesBuildPhase;
			buildActionMask = 2147483647;
			files = (
				8A338B7A2C142C5500560222 /* Preview Assets.xcassets in Resources */,
				8A338B772C142C5500560222 /* Assets.xcassets in Resources */,
			);
			runOnlyForDeploymentPostprocessing = 0;
		};
/* End PBXResourcesBuildPhase section */

/* Begin PBXSourcesBuildPhase section */
		8A338B6B2C142C5300560222 /* Sources */ = {
			isa = PBXSourcesBuildPhase;
			buildActionMask = 2147483647;
			files = (
				8A338B8A2C142DFD00560222 /* LoginView.swift in Sources */,
				8A338B982C144F0A00560222 /* ActiveNowView.swift in Sources */,
				8A20ED4C2C158BDD00D5915D /* SettingsOptionsViewModel.swift in Sources */,
				8A338B752C142C5300560222 /* ContentView.swift in Sources */,
				8A20ED402C157AA400D5915D /* InboxRow.swift in Sources */,
				8A338B8F2C1446AD00560222 /* MainButtonModifier.swift in Sources */,
				8A20ED612C16C7F700D5915D /* User.swift in Sources */,
				8A338B952C144DDC00560222 /* InboxView.swift in Sources */,
				8A338B912C1447DD00560222 /* RegistrationView.swift in Sources */,
				8A338B8C2C14404500560222 /* TextFieldModifier.swift in Sources */,
				8A338B732C142C5300560222 /* MessengerSwiftUIApp.swift in Sources */,
				8A20ED4E2C159EF600D5915D /* ProfileViewModel.swift in Sources */,
				8A20ED4A2C158AAF00D5915D /* ProfileView.swift in Sources */,
				8A20ED452C15865400D5915D /* NewMessageView.swift in Sources */,
			);
			runOnlyForDeploymentPostprocessing = 0;
		};
/* End PBXSourcesBuildPhase section */

/* Begin XCBuildConfiguration section */
		8A338B7B2C142C5500560222 /* Debug */ = {
			isa = XCBuildConfiguration;
			buildSettings = {
				ALWAYS_SEARCH_USER_PATHS = NO;
				ASSETCATALOG_COMPILER_GENERATE_SWIFT_ASSET_SYMBOL_EXTENSIONS = YES;
				CLANG_ANALYZER_NONNULL = YES;
				CLANG_ANALYZER_NUMBER_OBJECT_CONVERSION = YES_AGGRESSIVE;
				CLANG_CXX_LANGUAGE_STANDARD = "gnu++20";
				CLANG_ENABLE_MODULES = YES;
				CLANG_ENABLE_OBJC_ARC = YES;
				CLANG_ENABLE_OBJC_WEAK = YES;
				CLANG_WARN_BLOCK_CAPTURE_AUTORELEASING = YES;
				CLANG_WARN_BOOL_CONVERSION = YES;
				CLANG_WARN_COMMA = YES;
				CLANG_WARN_CONSTANT_CONVERSION = YES;
				CLANG_WARN_DEPRECATED_OBJC_IMPLEMENTATIONS = YES;
				CLANG_WARN_DIRECT_OBJC_ISA_USAGE = YES_ERROR;
				CLANG_WARN_DOCUMENTATION_COMMENTS = YES;
				CLANG_WARN_EMPTY_BODY = YES;
				CLANG_WARN_ENUM_CONVERSION = YES;
				CLANG_WARN_INFINITE_RECURSION = YES;
				CLANG_WARN_INT_CONVERSION = YES;
				CLANG_WARN_NON_LITERAL_NULL_CONVERSION = YES;
				CLANG_WARN_OBJC_IMPLICIT_RETAIN_SELF = YES;
				CLANG_WARN_OBJC_LITERAL_CONVERSION = YES;
				CLANG_WARN_OBJC_ROOT_CLASS = YES_ERROR;
				CLANG_WARN_QUOTED_INCLUDE_IN_FRAMEWORK_HEADER = YES;
				CLANG_WARN_RANGE_LOOP_ANALYSIS = YES;
				CLANG_WARN_STRICT_PROTOTYPES = YES;
				CLANG_WARN_SUSPICIOUS_MOVE = YES;
				CLANG_WARN_UNGUARDED_AVAILABILITY = YES_AGGRESSIVE;
				CLANG_WARN_UNREACHABLE_CODE = YES;
				CLANG_WARN__DUPLICATE_METHOD_MATCH = YES;
				COPY_PHASE_STRIP = NO;
				DEBUG_INFORMATION_FORMAT = dwarf;
				ENABLE_STRICT_OBJC_MSGSEND = YES;
				ENABLE_TESTABILITY = YES;
				ENABLE_USER_SCRIPT_SANDBOXING = YES;
				GCC_C_LANGUAGE_STANDARD = gnu17;
				GCC_DYNAMIC_NO_PIC = NO;
				GCC_NO_COMMON_BLOCKS = YES;
				GCC_OPTIMIZATION_LEVEL = 0;
				GCC_PREPROCESSOR_DEFINITIONS = (
					"DEBUG=1",
					"$(inherited)",
				);
				GCC_WARN_64_TO_32_BIT_CONVERSION = YES;
				GCC_WARN_ABOUT_RETURN_TYPE = YES_ERROR;
				GCC_WARN_UNDECLARED_SELECTOR = YES;
				GCC_WARN_UNINITIALIZED_AUTOS = YES_AGGRESSIVE;
				GCC_WARN_UNUSED_FUNCTION = YES;
				GCC_WARN_UNUSED_VARIABLE = YES;
				IPHONEOS_DEPLOYMENT_TARGET = 17.0;
				LOCALIZATION_PREFERS_STRING_CATALOGS = YES;
				MTL_ENABLE_DEBUG_INFO = INCLUDE_SOURCE;
				MTL_FAST_MATH = YES;
				ONLY_ACTIVE_ARCH = YES;
				SDKROOT = iphoneos;
				SWIFT_ACTIVE_COMPILATION_CONDITIONS = "DEBUG $(inherited)";
				SWIFT_OPTIMIZATION_LEVEL = "-Onone";
			};
			name = Debug;
		};
		8A338B7C2C142C5500560222 /* Release */ = {
			isa = XCBuildConfiguration;
			buildSettings = {
				ALWAYS_SEARCH_USER_PATHS = NO;
				ASSETCATALOG_COMPILER_GENERATE_SWIFT_ASSET_SYMBOL_EXTENSIONS = YES;
				CLANG_ANALYZER_NONNULL = YES;
				CLANG_ANALYZER_NUMBER_OBJECT_CONVERSION = YES_AGGRESSIVE;
				CLANG_CXX_LANGUAGE_STANDARD = "gnu++20";
				CLANG_ENABLE_MODULES = YES;
				CLANG_ENABLE_OBJC_ARC = YES;
				CLANG_ENABLE_OBJC_WEAK = YES;
				CLANG_WARN_BLOCK_CAPTURE_AUTORELEASING = YES;
				CLANG_WARN_BOOL_CONVERSION = YES;
				CLANG_WARN_COMMA = YES;
				CLANG_WARN_CONSTANT_CONVERSION = YES;
				CLANG_WARN_DEPRECATED_OBJC_IMPLEMENTATIONS = YES;
				CLANG_WARN_DIRECT_OBJC_ISA_USAGE = YES_ERROR;
				CLANG_WARN_DOCUMENTATION_COMMENTS = YES;
				CLANG_WARN_EMPTY_BODY = YES;
				CLANG_WARN_ENUM_CONVERSION = YES;
				CLANG_WARN_INFINITE_RECURSION = YES;
				CLANG_WARN_INT_CONVERSION = YES;
				CLANG_WARN_NON_LITERAL_NULL_CONVERSION = YES;
				CLANG_WARN_OBJC_IMPLICIT_RETAIN_SELF = YES;
				CLANG_WARN_OBJC_LITERAL_CONVERSION = YES;
				CLANG_WARN_OBJC_ROOT_CLASS = YES_ERROR;
				CLANG_WARN_QUOTED_INCLUDE_IN_FRAMEWORK_HEADER = YES;
				CLANG_WARN_RANGE_LOOP_ANALYSIS = YES;
				CLANG_WARN_STRICT_PROTOTYPES = YES;
				CLANG_WARN_SUSPICIOUS_MOVE = YES;
				CLANG_WARN_UNGUARDED_AVAILABILITY = YES_AGGRESSIVE;
				CLANG_WARN_UNREACHABLE_CODE = YES;
				CLANG_WARN__DUPLICATE_METHOD_MATCH = YES;
				COPY_PHASE_STRIP = NO;
				DEBUG_INFORMATION_FORMAT = "dwarf-with-dsym";
				ENABLE_NS_ASSERTIONS = NO;
				ENABLE_STRICT_OBJC_MSGSEND = YES;
				ENABLE_USER_SCRIPT_SANDBOXING = YES;
				GCC_C_LANGUAGE_STANDARD = gnu17;
				GCC_NO_COMMON_BLOCKS = YES;
				GCC_WARN_64_TO_32_BIT_CONVERSION = YES;
				GCC_WARN_ABOUT_RETURN_TYPE = YES_ERROR;
				GCC_WARN_UNDECLARED_SELECTOR = YES;
				GCC_WARN_UNINITIALIZED_AUTOS = YES_AGGRESSIVE;
				GCC_WARN_UNUSED_FUNCTION = YES;
				GCC_WARN_UNUSED_VARIABLE = YES;
				IPHONEOS_DEPLOYMENT_TARGET = 17.0;
				LOCALIZATION_PREFERS_STRING_CATALOGS = YES;
				MTL_ENABLE_DEBUG_INFO = NO;
				MTL_FAST_MATH = YES;
				SDKROOT = iphoneos;
				SWIFT_COMPILATION_MODE = wholemodule;
				VALIDATE_PRODUCT = YES;
			};
			name = Release;
		};
		8A338B7E2C142C5500560222 /* Debug */ = {
			isa = XCBuildConfiguration;
			buildSettings = {
				ASSETCATALOG_COMPILER_APPICON_NAME = AppIcon;
				ASSETCATALOG_COMPILER_GLOBAL_ACCENT_COLOR_NAME = AccentColor;
				CODE_SIGN_STYLE = Automatic;
				CURRENT_PROJECT_VERSION = 1;
				DEVELOPMENT_ASSET_PATHS = "\"MessengerSwiftUI/Preview Content\"";
				ENABLE_PREVIEWS = YES;
				GENERATE_INFOPLIST_FILE = YES;
				INFOPLIST_KEY_UIApplicationSceneManifest_Generation = YES;
				INFOPLIST_KEY_UIApplicationSupportsIndirectInputEvents = YES;
				INFOPLIST_KEY_UILaunchScreen_Generation = YES;
				INFOPLIST_KEY_UISupportedInterfaceOrientations_iPad = "UIInterfaceOrientationPortrait UIInterfaceOrientationPortraitUpsideDown UIInterfaceOrientationLandscapeLeft UIInterfaceOrientationLandscapeRight";
				INFOPLIST_KEY_UISupportedInterfaceOrientations_iPhone = "UIInterfaceOrientationPortrait UIInterfaceOrientationLandscapeLeft UIInterfaceOrientationLandscapeRight";
				LD_RUNPATH_SEARCH_PATHS = (
					"$(inherited)",
					"@executable_path/Frameworks",
				);
				MARKETING_VERSION = 1.0;
				PRODUCT_BUNDLE_IDENTIFIER = com.ua.MessengerSwiftUI;
				PRODUCT_NAME = "$(TARGET_NAME)";
				SWIFT_EMIT_LOC_STRINGS = YES;
				SWIFT_VERSION = 5.0;
				TARGETED_DEVICE_FAMILY = "1,2";
			};
			name = Debug;
		};
		8A338B7F2C142C5500560222 /* Release */ = {
			isa = XCBuildConfiguration;
			buildSettings = {
				ASSETCATALOG_COMPILER_APPICON_NAME = AppIcon;
				ASSETCATALOG_COMPILER_GLOBAL_ACCENT_COLOR_NAME = AccentColor;
				CODE_SIGN_STYLE = Automatic;
				CURRENT_PROJECT_VERSION = 1;
				DEVELOPMENT_ASSET_PATHS = "\"MessengerSwiftUI/Preview Content\"";
				ENABLE_PREVIEWS = YES;
				GENERATE_INFOPLIST_FILE = YES;
				INFOPLIST_KEY_UIApplicationSceneManifest_Generation = YES;
				INFOPLIST_KEY_UIApplicationSupportsIndirectInputEvents = YES;
				INFOPLIST_KEY_UILaunchScreen_Generation = YES;
				INFOPLIST_KEY_UISupportedInterfaceOrientations_iPad = "UIInterfaceOrientationPortrait UIInterfaceOrientationPortraitUpsideDown UIInterfaceOrientationLandscapeLeft UIInterfaceOrientationLandscapeRight";
				INFOPLIST_KEY_UISupportedInterfaceOrientations_iPhone = "UIInterfaceOrientationPortrait UIInterfaceOrientationLandscapeLeft UIInterfaceOrientationLandscapeRight";
				LD_RUNPATH_SEARCH_PATHS = (
					"$(inherited)",
					"@executable_path/Frameworks",
				);
				MARKETING_VERSION = 1.0;
				PRODUCT_BUNDLE_IDENTIFIER = com.ua.MessengerSwiftUI;
				PRODUCT_NAME = "$(TARGET_NAME)";
				SWIFT_EMIT_LOC_STRINGS = YES;
				SWIFT_VERSION = 5.0;
				TARGETED_DEVICE_FAMILY = "1,2";
			};
			name = Release;
		};
/* End XCBuildConfiguration section */

/* Begin XCConfigurationList section */
		8A338B6A2C142C5300560222 /* Build configuration list for PBXProject "MessengerSwiftUI" */ = {
			isa = XCConfigurationList;
			buildConfigurations = (
				8A338B7B2C142C5500560222 /* Debug */,
				8A338B7C2C142C5500560222 /* Release */,
			);
			defaultConfigurationIsVisible = 0;
			defaultConfigurationName = Release;
		};
		8A338B7D2C142C5500560222 /* Build configuration list for PBXNativeTarget "MessengerSwiftUI" */ = {
			isa = XCConfigurationList;
			buildConfigurations = (
				8A338B7E2C142C5500560222 /* Debug */,
				8A338B7F2C142C5500560222 /* Release */,
			);
			defaultConfigurationIsVisible = 0;
			defaultConfigurationName = Release;
		};
/* End XCConfigurationList section */
	};
	rootObject = 8A338B672C142C5300560222 /* Project object */;
}
